// !$*UTF8*$!
{
	archiveVersion = 1;
	classes = {
	};
	objectVersion = 46;
	objects = {

/* Begin PBXBuildFile section */
		D4ED102C1CE969F700FBC9F6 /* main.m in Sources */ = {isa = PBXBuildFile; fileRef = D4ED102B1CE969F700FBC9F6 /* main.m */; };
		D4ED102F1CE969F700FBC9F6 /* AppDelegate.m in Sources */ = {isa = PBXBuildFile; fileRef = D4ED102E1CE969F700FBC9F6 /* AppDelegate.m */; };
		D4ED10321CE969F700FBC9F6 /* scrollText.xcdatamodeld in Sources */ = {isa = PBXBuildFile; fileRef = D4ED10301CE969F700FBC9F6 /* scrollText.xcdatamodeld */; };
		D4ED10351CE969F700FBC9F6 /* ViewController.m in Sources */ = {isa = PBXBuildFile; fileRef = D4ED10341CE969F700FBC9F6 /* ViewController.m */; };
		D4ED10381CE969F700FBC9F6 /* Main.storyboard in Resources */ = {isa = PBXBuildFile; fileRef = D4ED10361CE969F700FBC9F6 /* Main.storyboard */; };
		D4ED103A1CE969F700FBC9F6 /* Images.xcassets in Resources */ = {isa = PBXBuildFile; fileRef = D4ED10391CE969F700FBC9F6 /* Images.xcassets */; };
		D4ED103D1CE969F700FBC9F6 /* LaunchScreen.xib in Resources */ = {isa = PBXBuildFile; fileRef = D4ED103B1CE969F700FBC9F6 /* LaunchScreen.xib */; };
		D4ED10491CE969F700FBC9F6 /* scrollTextTests.m in Sources */ = {isa = PBXBuildFile; fileRef = D4ED10481CE969F700FBC9F6 /* scrollTextTests.m */; };
		D4ED10541CE96ABE00FBC9F6 /* SAdView.m in Sources */ = {isa = PBXBuildFile; fileRef = D4ED10531CE96ABE00FBC9F6 /* SAdView.m */; };
/* End PBXBuildFile section */

/* Begin PBXContainerItemProxy section */
		D4ED10431CE969F700FBC9F6 /* PBXContainerItemProxy */ = {
			isa = PBXContainerItemProxy;
			containerPortal = D4ED101E1CE969F700FBC9F6 /* Project object */;
			proxyType = 1;
			remoteGlobalIDString = D4ED10251CE969F700FBC9F6;
			remoteInfo = scrollText;
		};
/* End PBXContainerItemProxy section */

/* Begin PBXFileReference section */
		D4ED10261CE969F700FBC9F6 /* scrollText.app */ = {isa = PBXFileReference; explicitFileType = wrapper.application; includeInIndex = 0; path = scrollText.app; sourceTree = BUILT_PRODUCTS_DIR; };
		D4ED102A1CE969F700FBC9F6 /* Info.plist */ = {isa = PBXFileReference; lastKnownFileType = text.plist.xml; path = Info.plist; sourceTree = "<group>"; };
		D4ED102B1CE969F700FBC9F6 /* main.m */ = {isa = PBXFileReference; lastKnownFileType = sourcecode.c.objc; path = main.m; sourceTree = "<group>"; };
		D4ED102D1CE969F700FBC9F6 /* AppDelegate.h */ = {isa = PBXFileReference; lastKnownFileType = sourcecode.c.h; path = AppDelegate.h; sourceTree = "<group>"; };
		D4ED102E1CE969F700FBC9F6 /* AppDelegate.m */ = {isa = PBXFileReference; lastKnownFileType = sourcecode.c.objc; path = AppDelegate.m; sourceTree = "<group>"; };
		D4ED10311CE969F700FBC9F6 /* scrollText.xcdatamodel */ = {isa = PBXFileReference; lastKnownFileType = wrapper.xcdatamodel; path = scrollText.xcdatamodel; sourceTree = "<group>"; };
		D4ED10331CE969F700FBC9F6 /* ViewController.h */ = {isa = PBXFileReference; lastKnownFileType = sourcecode.c.h; path = ViewController.h; sourceTree = "<group>"; };
		D4ED10341CE969F700FBC9F6 /* ViewController.m */ = {isa = PBXFileReference; lastKnownFileType = sourcecode.c.objc; path = ViewController.m; sourceTree = "<group>"; };
		D4ED10371CE969F700FBC9F6 /* Base */ = {isa = PBXFileReference; lastKnownFileType = file.storyboard; name = Base; path = Base.lproj/Main.storyboard; sourceTree = "<group>"; };
		D4ED10391CE969F700FBC9F6 /* Images.xcassets */ = {isa = PBXFileReference; lastKnownFileType = folder.assetcatalog; path = Images.xcassets; sourceTree = "<group>"; };
		D4ED103C1CE969F700FBC9F6 /* Base */ = {isa = PBXFileReference; lastKnownFileType = file.xib; name = Base; path = Base.lproj/LaunchScreen.xib; sourceTree = "<group>"; };
		D4ED10421CE969F700FBC9F6 /* scrollTextTests.xctest */ = {isa = PBXFileReference; explicitFileType = wrapper.cfbundle; includeInIndex = 0; path = scrollTextTests.xctest; sourceTree = BUILT_PRODUCTS_DIR; };
		D4ED10471CE969F700FBC9F6 /* Info.plist */ = {isa = PBXFileReference; lastKnownFileType = text.plist.xml; path = Info.plist; sourceTree = "<group>"; };
		D4ED10481CE969F700FBC9F6 /* scrollTextTests.m */ = {isa = PBXFileReference; lastKnownFileType = sourcecode.c.objc; path = scrollTextTests.m; sourceTree = "<group>"; };
		D4ED10521CE96ABE00FBC9F6 /* SAdView.h */ = {isa = PBXFileReference; fileEncoding = 4; lastKnownFileType = sourcecode.c.h; path = SAdView.h; sourceTree = "<group>"; };
		D4ED10531CE96ABE00FBC9F6 /* SAdView.m */ = {isa = PBXFileReference; fileEncoding = 4; lastKnownFileType = sourcecode.c.objc; path = SAdView.m; sourceTree = "<group>"; };
/* End PBXFileReference section */

/* Begin PBXFrameworksBuildPhase section */
		D4ED10231CE969F700FBC9F6 /* Frameworks */ = {
			isa = PBXFrameworksBuildPhase;
			buildActionMask = 2147483647;
			files = (
			);
			runOnlyForDeploymentPostprocessing = 0;
		};
		D4ED103F1CE969F700FBC9F6 /* Frameworks */ = {
			isa = PBXFrameworksBuildPhase;
			buildActionMask = 2147483647;
			files = (
			);
			runOnlyForDeploymentPostprocessing = 0;
		};
/* End PBXFrameworksBuildPhase section */

/* Begin PBXGroup section */
		D4ED101D1CE969F700FBC9F6 = {
			isa = PBXGroup;
			children = (
				D4ED10281CE969F700FBC9F6 /* scrollText */,
				D4ED10451CE969F700FBC9F6 /* scrollTextTests */,
				D4ED10271CE969F700FBC9F6 /* Products */,
			);
			sourceTree = "<group>";
		};
		D4ED10271CE969F700FBC9F6 /* Products */ = {
			isa = PBXGroup;
			children = (
				D4ED10261CE969F700FBC9F6 /* scrollText.app */,
				D4ED10421CE969F700FBC9F6 /* scrollTextTests.xctest */,
			);
			name = Products;
			sourceTree = "<group>";
		};
		D4ED10281CE969F700FBC9F6 /* scrollText */ = {
			isa = PBXGroup;
			children = (
				D4ED102D1CE969F700FBC9F6 /* AppDelegate.h */,
				D4ED102E1CE969F700FBC9F6 /* AppDelegate.m */,
				D4ED10521CE96ABE00FBC9F6 /* SAdView.h */,
				D4ED10531CE96ABE00FBC9F6 /* SAdView.m */,
				D4ED10331CE969F700FBC9F6 /* ViewController.h */,
				D4ED10341CE969F700FBC9F6 /* ViewController.m */,
				D4ED10361CE969F700FBC9F6 /* Main.storyboard */,
				D4ED10391CE969F700FBC9F6 /* Images.xcassets */,
				D4ED103B1CE969F700FBC9F6 /* LaunchScreen.xib */,
				D4ED10301CE969F700FBC9F6 /* scrollText.xcdatamodeld */,
				D4ED10291CE969F700FBC9F6 /* Supporting Files */,
			);
			path = scrollText;
			sourceTree = "<group>";
		};
		D4ED10291CE969F700FBC9F6 /* Supporting Files */ = {
			isa = PBXGroup;
			children = (
				D4ED102A1CE969F700FBC9F6 /* Info.plist */,
				D4ED102B1CE969F700FBC9F6 /* main.m */,
			);
			name = "Supporting Files";
			sourceTree = "<group>";
		};
		D4ED10451CE969F700FBC9F6 /* scrollTextTests */ = {
			isa = PBXGroup;
			children = (
				D4ED10481CE969F700FBC9F6 /* scrollTextTests.m */,
				D4ED10461CE969F700FBC9F6 /* Supporting Files */,
			);
			path = scrollTextTests;
			sourceTree = "<group>";
		};
		D4ED10461CE969F700FBC9F6 /* Supporting Files */ = {
			isa = PBXGroup;
			children = (
				D4ED10471CE969F700FBC9F6 /* Info.plist */,
			);
			name = "Supporting Files";
			sourceTree = "<group>";
		};
/* End PBXGroup section */

/* Begin PBXNativeTarget section */
		D4ED10251CE969F700FBC9F6 /* scrollText */ = {
			isa = PBXNativeTarget;
			buildConfigurationList = D4ED104C1CE969F700FBC9F6 /* Build configuration list for PBXNativeTarget "scrollText" */;
			buildPhases = (
				D4ED10221CE969F700FBC9F6 /* Sources */,
				D4ED10231CE969F700FBC9F6 /* Frameworks */,
				D4ED10241CE969F700FBC9F6 /* Resources */,
			);
			buildRules = (
			);
			dependencies = (
			);
			name = scrollText;
			productName = scrollText;
			productReference = D4ED10261CE969F700FBC9F6 /* scrollText.app */;
			productType = "com.apple.product-type.application";
		};
		D4ED10411CE969F700FBC9F6 /* scrollTextTests */ = {
			isa = PBXNativeTarget;
			buildConfigurationList = D4ED104F1CE969F700FBC9F6 /* Build configuration list for PBXNativeTarget "scrollTextTests" */;
			buildPhases = (
				D4ED103E1CE969F700FBC9F6 /* Sources */,
				D4ED103F1CE969F700FBC9F6 /* Frameworks */,
				D4ED10401CE969F700FBC9F6 /* Resources */,
			);
			buildRules = (
			);
			dependencies = (
				D4ED10441CE969F700FBC9F6 /* PBXTargetDependency */,
			);
			name = scrollTextTests;
			productName = scrollTextTests;
			productReference = D4ED10421CE969F700FBC9F6 /* scrollTextTests.xctest */;
			productType = "com.apple.product-type.bundle.unit-test";
		};
/* End PBXNativeTarget section */

/* Begin PBXProject section */
		D4ED101E1CE969F700FBC9F6 /* Project object */ = {
			isa = PBXProject;
			attributes = {
				LastUpgradeCheck = 0640;
				ORGANIZATIONNAME = xuliran;
				TargetAttributes = {
					D4ED10251CE969F700FBC9F6 = {
						CreatedOnToolsVersion = 6.4;
					};
					D4ED10411CE969F700FBC9F6 = {
						CreatedOnToolsVersion = 6.4;
						TestTargetID = D4ED10251CE969F700FBC9F6;
					};
				};
			};
			buildConfigurationList = D4ED10211CE969F700FBC9F6 /* Build configuration list for PBXProject "scrollText" */;
			compatibilityVersion = "Xcode 3.2";
			developmentRegion = English;
			hasScannedForEncodings = 0;
			knownRegions = (
				en,
				Base,
			);
			mainGroup = D4ED101D1CE969F700FBC9F6;
			productRefGroup = D4ED10271CE969F700FBC9F6 /* Products */;
			projectDirPath = "";
			projectRoot = "";
			targets = (
				D4ED10251CE969F700FBC9F6 /* scrollText */,
				D4ED10411CE969F700FBC9F6 /* scrollTextTests */,
			);
		};
/* End PBXProject section */

/* Begin PBXResourcesBuildPhase section */
		D4ED10241CE969F700FBC9F6 /* Resources */ = {
			isa = PBXResourcesBuildPhase;
			buildActionMask = 2147483647;
			files = (
				D4ED10381CE969F700FBC9F6 /* Main.storyboard in Resources */,
				D4ED103D1CE969F700FBC9F6 /* LaunchScreen.xib in Resources */,
				D4ED103A1CE969F700FBC9F6 /* Images.xcassets in Resources */,
			);
			runOnlyForDeploymentPostprocessing = 0;
		};
		D4ED10401CE969F700FBC9F6 /* Resources */ = {
			isa = PBXResourcesBuildPhase;
			buildActionMask = 2147483647;
			files = (
			);
			runOnlyForDeploymentPostprocessing = 0;
		};
/* End PBXResourcesBuildPhase section */

/* Begin PBXSourcesBuildPhase section */
		D4ED10221CE969F700FBC9F6 /* Sources */ = {
			isa = PBXSourcesBuildPhase;
			buildActionMask = 2147483647;
			files = (
				D4ED102F1CE969F700FBC9F6 /* AppDelegate.m in Sources */,
				D4ED10541CE96ABE00FBC9F6 /* SAdView.m in Sources */,
				D4ED102C1CE969F700FBC9F6 /* main.m in Sources */,
				D4ED10351CE969F700FBC9F6 /* ViewController.m in Sources */,
				D4ED10321CE969F700FBC9F6 /* scrollText.xcdatamodeld in Sources */,
			);
			runOnlyForDeploymentPostprocessing = 0;
		};
		D4ED103E1CE969F700FBC9F6 /* Sources */ = {
			isa = PBXSourcesBuildPhase;
			buildActionMask = 2147483647;
			files = (
				D4ED10491CE969F700FBC9F6 /* scrollTextTests.m in Sources */,
			);
			runOnlyForDeploymentPostprocessing = 0;
		};
/* End PBXSourcesBuildPhase section */

/* Begin PBXTargetDependency section */
		D4ED10441CE969F700FBC9F6 /* PBXTargetDependency */ = {
			isa = PBXTargetDependency;
			target = D4ED10251CE969F700FBC9F6 /* scrollText */;
			targetProxy = D4ED10431CE969F700FBC9F6 /* PBXContainerItemProxy */;
		};
/* End PBXTargetDependency section */

/* Begin PBXVariantGroup section */
		D4ED10361CE969F700FBC9F6 /* Main.storyboard */ = {
			isa = PBXVariantGroup;
			children = (
				D4ED10371CE969F700FBC9F6 /* Base */,
			);
			name = Main.storyboard;
			sourceTree = "<group>";
		};
		D4ED103B1CE969F700FBC9F6 /* LaunchScreen.xib */ = {
			isa = PBXVariantGroup;
			children = (
				D4ED103C1CE969F700FBC9F6 /* Base */,
			);
			name = LaunchScreen.xib;
			sourceTree = "<group>";
		};
/* End PBXVariantGroup section */

/* Begin XCBuildConfiguration section */
		D4ED104A1CE969F700FBC9F6 /* Debug */ = {
			isa = XCBuildConfiguration;
			buildSettings = {
				ALWAYS_SEARCH_USER_PATHS = NO;
				CLANG_CXX_LANGUAGE_STANDARD = "gnu++0x";
				CLANG_CXX_LIBRARY = "libc++";
				CLANG_ENABLE_MODULES = YES;
				CLANG_ENABLE_OBJC_ARC = YES;
				CLANG_WARN_BOOL_CONVERSION = YES;
				CLANG_WARN_CONSTANT_CONVERSION = YES;
				CLANG_WARN_DIRECT_OBJC_ISA_USAGE = YES_ERROR;
				CLANG_WARN_EMPTY_BODY = YES;
				CLANG_WARN_ENUM_CONVERSION = YES;
				CLANG_WARN_INT_CONVERSION = YES;
				CLANG_WARN_OBJC_ROOT_CLASS = YES_ERROR;
				CLANG_WARN_UNREACHABLE_CODE = YES;
				CLANG_WARN__DUPLICATE_METHOD_MATCH = YES;
				"CODE_SIGN_IDENTITY[sdk=iphoneos*]" = "iPhone Developer";
				COPY_PHASE_STRIP = NO;
				DEBUG_INFORMATION_FORMAT = "dwarf-with-dsym";
				ENABLE_STRICT_OBJC_MSGSEND = YES;
				GCC_C_LANGUAGE_STANDARD = gnu99;
				GCC_DYNAMIC_NO_PIC = NO;
				GCC_NO_COMMON_BLOCKS = YES;
				GCC_OPTIMIZATION_LEVEL = 0;
				GCC_PREPROCESSOR_DEFINITIONS = (
					"DEBUG=1",
					"$(inherited)",
				);
				GCC_SYMBOLS_PRIVATE_EXTERN = NO;
				GCC_WARN_64_TO_32_BIT_CONVERSION = YES;
				GCC_WARN_ABOUT_RETURN_TYPE = YES_ERROR;
				GCC_WARN_UNDECLARED_SELECTOR = YES;
				GCC_WARN_UNINITIALIZED_AUTOS = YES_AGGRESSIVE;
				GCC_WARN_UNUSED_FUNCTION = YES;
				GCC_WARN_UNUSED_VARIABLE = YES;
				IPHONEOS_DEPLOYMENT_TARGET = 8.4;
				MTL_ENABLE_DEBUG_INFO = YES;
				ONLY_ACTIVE_ARCH = YES;
				SDKROOT = iphoneos;
			};
			name = Debug;
		};
		D4ED104B1CE969F700FBC9F6 /* Release */ = {
			isa = XCBuildConfiguration;
			buildSettings = {
				ALWAYS_SEARCH_USER_PATHS = NO;
				CLANG_CXX_LANGUAGE_STANDARD = "gnu++0x";
				CLANG_CXX_LIBRARY = "libc++";
				CLANG_ENABLE_MODULES = YES;
				CLANG_ENABLE_OBJC_ARC = YES;
				CLANG_WARN_BOOL_CONVERSION = YES;
				CLANG_WARN_CONSTANT_CONVERSION = YES;
				CLANG_WARN_DIRECT_OBJC_ISA_USAGE = YES_ERROR;
				CLANG_WARN_EMPTY_BODY = YES;
				CLANG_WARN_ENUM_CONVERSION = YES;
				CLANG_WARN_INT_CONVERSION = YES;
				CLANG_WARN_OBJC_ROOT_CLASS = YES_ERROR;
				CLANG_WARN_UNREACHABLE_CODE = YES;
				CLANG_WARN__DUPLICATE_METHOD_MATCH = YES;
				"CODE_SIGN_IDENTITY[sdk=iphoneos*]" = "iPhone Developer";
				COPY_PHASE_STRIP = NO;
				DEBUG_INFORMATION_FORMAT = "dwarf-with-dsym";
				ENABLE_NS_ASSERTIONS = NO;
				ENABLE_STRICT_OBJC_MSGSEND = YES;
				GCC_C_LANGUAGE_STANDARD = gnu99;
				GCC_NO_COMMON_BLOCKS = YES;
				GCC_WARN_64_TO_32_BIT_CONVERSION = YES;
				GCC_WARN_ABOUT_RETURN_TYPE = YES_ERROR;
				GCC_WARN_UNDECLARED_SELECTOR = YES;
				GCC_WARN_UNINITIALIZED_AUTOS = YES_AGGRESSIVE;
				GCC_WARN_UNUSED_FUNCTION = YES;
				GCC_WARN_UNUSED_VARIABLE = YES;
				IPHONEOS_DEPLOYMENT_TARGET = 8.4;
				MTL_ENABLE_DEBUG_INFO = NO;
				SDKROOT = iphoneos;
				VALIDATE_PRODUCT = YES;
			};
			name = Release;
		};
		D4ED104D1CE969F700FBC9F6 /* Debug */ = {
			isa = XCBuildConfiguration;
			buildSettings = {
				ASSETCATALOG_COMPILER_APPICON_NAME = AppIcon;
				INFOPLIST_FILE = scrollText/Info.plist;
				LD_RUNPATH_SEARCH_PATHS = "$(inherited) @executable_path/Frameworks";
				PRODUCT_NAME = "$(TARGET_NAME)";
			};
			name = Debug;
		};
		D4ED104E1CE969F700FBC9F6 /* Release */ = {
			isa = XCBuildConfiguration;
			buildSettings = {
				ASSETCATALOG_COMPILER_APPICON_NAME = AppIcon;
				INFOPLIST_FILE = scrollText/Info.plist;
				LD_RUNPATH_SEARCH_PATHS = "$(inherited) @executable_path/Frameworks";
				PRODUCT_NAME = "$(TARGET_NAME)";
			};
			name = Release;
		};
		D4ED10501CE969F700FBC9F6 /* Debug */ = {
			isa = XCBuildConfiguration;
			buildSettings = {
				BUNDLE_LOADER = "$(TEST_HOST)";
				FRAMEWORK_SEARCH_PATHS = (
					"$(SDKROOT)/Developer/Library/Frameworks",
					"$(inherited)",
				);
				GCC_PREPROCESSOR_DEFINITIONS = (
					"DEBUG=1",
					"$(inherited)",
				);
				INFOPLIST_FILE = scrollTextTests/Info.plist;
				LD_RUNPATH_SEARCH_PATHS = "$(inherited) @executable_path/Frameworks @loader_path/Frameworks";
				PRODUCT_NAME = "$(TARGET_NAME)";
				TEST_HOST = "$(BUILT_PRODUCTS_DIR)/scrollText.app/scrollText";
			};
			name = Debug;
		};
		D4ED10511CE969F700FBC9F6 /* Release */ = {
			isa = XCBuildConfiguration;
			buildSettings = {
				BUNDLE_LOADER = "$(TEST_HOST)";
				FRAMEWORK_SEARCH_PATHS = (
					"$(SDKROOT)/Developer/Library/Frameworks",
					"$(inherited)",
				);
				INFOPLIST_FILE = scrollTextTests/Info.plist;
				LD_RUNPATH_SEARCH_PATHS = "$(inherited) @executable_path/Frameworks @loader_path/Frameworks";
				PRODUCT_NAME = "$(TARGET_NAME)";
				TEST_HOST = "$(BUILT_PRODUCTS_DIR)/scrollText.app/scrollText";
			};
			name = Release;
		};
/* End XCBuildConfiguration section */

/* Begin XCConfigurationList section */
		D4ED10211CE969F700FBC9F6 /* Build configuration list for PBXProject "scrollText" */ = {
			isa = XCConfigurationList;
			buildConfigurations = (
				D4ED104A1CE969F700FBC9F6 /* Debug */,
				D4ED104B1CE969F700FBC9F6 /* Release */,
			);
			defaultConfigurationIsVisible = 0;
			defaultConfigurationName = Release;
		};
		D4ED104C1CE969F700FBC9F6 /* Build configuration list for PBXNativeTarget "scrollText" */ = {
			isa = XCConfigurationList;
			buildConfigurations = (
				D4ED104D1CE969F700FBC9F6 /* Debug */,
				D4ED104E1CE969F700FBC9F6 /* Release */,
			);
			defaultConfigurationIsVisible = 0;
		};
		D4ED104F1CE969F700FBC9F6 /* Build configuration list for PBXNativeTarget "scrollTextTests" */ = {
			isa = XCConfigurationList;
			buildConfigurations = (
				D4ED10501CE969F700FBC9F6 /* Debug */,
				D4ED10511CE969F700FBC9F6 /* Release */,
			);
			defaultConfigurationIsVisible = 0;
		};
/* End XCConfigurationList section */

/* Begin XCVersionGroup section */
		D4ED10301CE969F700FBC9F6 /* scrollText.xcdatamodeld */ = {
			isa = XCVersionGroup;
			children = (
				D4ED10311CE969F700FBC9F6 /* scrollText.xcdatamodel */,
			);
			currentVersion = D4ED10311CE969F700FBC9F6 /* scrollText.xcdatamodel */;
			path = scrollText.xcdatamodeld;
			sourceTree = "<group>";
			versionGroupType = wrapper.xcdatamodel;
		};
/* End XCVersionGroup section */
	};
	rootObject = D4ED101E1CE969F700FBC9F6 /* Project object */;
}
